# CUDA-matched Torch comes from the Prime image and is deliberately not installed here.
numpy==2.2.6
pandas==2.3.1
PyYAML==6.0.2
transformers==4.53.2
pyarrow==20.0.0
huggingface-hub==0.33.4
safetensors==0.5.3
tokenizers==0.21.2
scikit-learn==1.8.0
scipy==1.17.0
joblib==1.5.3
threadpoolctl==3.6.0
protobuf==7.35.1
sentencepiece==0.2.0
